
Microsoft Visual Studio Solution File, Format Version 12.00
# Visual Studio Version 16
VisualStudioVersion = 16.0.30621.155
MinimumVisualStudioVersion = 10.0.40219.1
Project("{FAE04EC0-301F-11D3-BF4B-00C04F79EFBC}") = "ByteBank", "ByteBank\ByteBank.csproj", "{662BB661-1AC9-4F45-85C0-D149AC2506C1}"
EndProject
Project("{FAE04EC0-301F-11D3-BF4B-00C04F79EFBC}") = "ByteBank1.1", "ByteBank1.1\ByteBank1.1.csproj", "{5DCEBC63-C5ED-43B7-9D4E-8E063B3AE1F7}"
EndProject
Global
	GlobalSection(SolutionConfigurationPlatforms) = preSolution
		Debug|Any CPU = Debug|Any CPU
		Release|Any CPU = Release|Any CPU
	EndGlobalSection
	GlobalSection(ProjectConfigurationPlatforms) = postSolution
		{662BB661-1AC9-4F45-85C0-D149AC2506C1}.Debug|Any CPU.ActiveCfg = Debug|Any CPU
		{662BB661-1AC9-4F45-85C0-D149AC2506C1}.Debug|Any CPU.Build.0 = Debug|Any CPU
		{662BB661-1AC9-4F45-85C0-D149AC2506C1}.Release|Any CPU.ActiveCfg = Release|Any CPU
		{662BB661-1AC9-4F45-85C0-D149AC2506C1}.Release|Any CPU.Build.0 = Release|Any CPU
		{5DCEBC63-C5ED-43B7-9D4E-8E063B3AE1F7}.Debug|Any CPU.ActiveCfg = Debug|Any CPU
		{5DCEBC63-C5ED-43B7-9D4E-8E063B3AE1F7}.Debug|Any CPU.Build.0 = Debug|Any CPU
		{5DCEBC63-C5ED-43B7-9D4E-8E063B3AE1F7}.Release|Any CPU.ActiveCfg = Release|Any CPU
		{5DCEBC63-C5ED-43B7-9D4E-8E063B3AE1F7}.Release|Any CPU.Build.0 = Release|Any CPU
	EndGlobalSection
	GlobalSection(SolutionProperties) = preSolution
		HideSolutionNode = FALSE
	EndGlobalSection
	GlobalSection(ExtensibilityGlobals) = postSolution
		SolutionGuid = {2CA94394-857F-4B1C-A2EE-FB4953D7706A}
	EndGlobalSection
EndGlobal
